lockfileVersion: '9.0'

settings:
  autoInstallPeers: true
  excludeLinksFromLockfile: false

importers:

  .:
    dependencies:
      '@extension/i18n':
        specifier: workspace:*
        version: link:../../packages/i18n
      '@extension/shared':
        specifier: workspace:*
        version: link:../../packages/shared
      '@extension/storage':
        specifier: workspace:*
        version: link:../../packages/storage
      '@extension/ui':
        specifier: workspace:*
        version: link:../../packages/ui
      chart.js:
        specifier: ^4.5.0
        version: 4.5.0
      lucide-react:
        specifier: ^0.544.0
        version: 0.544.0(react@19.1.1)
      react-chartjs-2:
        specifier: ^5.3.0
        version: 5.3.0(chart.js@4.5.0)(react@19.1.1)
    devDependencies:
      '@extension/tailwindcss-config':
        specifier: workspace:*
        version: link:../../packages/tailwindcss-config
      '@extension/tsconfig':
        specifier: workspace:*
        version: link:../../packages/tsconfig
      '@extension/vite-config':
        specifier: workspace:*
        version: link:../../packages/vite-config

packages:

  '@kurkle/color@0.3.4':
    resolution: {integrity: sha512-M5UknZPHRu3DEDWoipU6sE8PdkZ6Z/S+v4dD+Ke8IaNlpdSQah50lz1KtcFBa2vsdOnwbbnxJwVM4wty6udA5w==}

  chart.js@4.5.0:
    resolution: {integrity: sha512-aYeC/jDgSEx8SHWZvANYMioYMZ2KX02W6f6uVfyteuCGcadDLcYVHdfdygsTQkQ4TKn5lghoojAsPj5pu0SnvQ==}
    engines: {pnpm: '>=8'}

  lucide-react@0.544.0:
    resolution: {integrity: sha512-t5tS44bqd825zAW45UQxpG2CvcC4urOwn2TrwSH8u+MjeE+1NnWl6QqeQ/6NdjMqdOygyiT9p3Ev0p1NJykxjw==}
    peerDependencies:
      react: ^16.5.1 || ^17.0.0 || ^18.0.0 || ^19.0.0

  react-chartjs-2@5.3.0:
    resolution: {integrity: sha512-UfZZFnDsERI3c3CZGxzvNJd02SHjaSJ8kgW1djn65H1KK8rehwTjyrRKOG3VTMG8wtHZ5rgAO5oTHtHi9GCCmw==}
    peerDependencies:
      chart.js: ^4.1.1
      react: ^16.8.0 || ^17.0.0 || ^18.0.0 || ^19.0.0

  react@19.1.1:
    resolution: {integrity: sha512-w8nqGImo45dmMIfljjMwOGtbmC/mk4CMYhWIicdSflH91J9TyCyczcPFXJzrZ/ZXcgGRFeP6BU0BEJTw6tZdfQ==}
    engines: {node: '>=0.10.0'}

snapshots:

  '@kurkle/color@0.3.4': {}

  chart.js@4.5.0:
    dependencies:
      '@kurkle/color': 0.3.4

  lucide-react@0.544.0(react@19.1.1):
    dependencies:
      react: 19.1.1

  react-chartjs-2@5.3.0(chart.js@4.5.0)(react@19.1.1):
    dependencies:
      chart.js: 4.5.0
      react: 19.1.1

  react@19.1.1: {}
